
Microsoft Visual Studio Solution File, Format Version 12.00
# Visual Studio 2012
Project("{FAE04EC0-301F-11D3-BF4B-00C04F79EFBC}") = "StatData", "StatData\StatData.csproj", "{0194A16E-8C7D-4115-9828-C049DF71A5A9}"
EndProject
Project("{FAE04EC0-301F-11D3-BF4B-00C04F79EFBC}") = "StatApp", "StatApp\StatApp.csproj", "{0BF4214E-E61C-4E33-886C-AF835460F4D8}"
EndProject
Project("{2150E333-8FDC-42A3-9474-1A3956D46DE8}") = "Infos", "Infos", "{9D42719B-7E6F-4876-9953-30D7176BE0A9}"
	ProjectSection(SolutionItems) = preProject
		README = README
	EndProjectSection
EndProject
Global
	GlobalSection(SolutionConfigurationPlatforms) = preSolution
		Debug|Any CPU = Debug|Any CPU
		Release|Any CPU = Release|Any CPU
	EndGlobalSection
	GlobalSection(ProjectConfigurationPlatforms) = postSolution
		{0194A16E-8C7D-4115-9828-C049DF71A5A9}.Debug|Any CPU.ActiveCfg = Debug|Any CPU
		{0194A16E-8C7D-4115-9828-C049DF71A5A9}.Debug|Any CPU.Build.0 = Debug|Any CPU
		{0194A16E-8C7D-4115-9828-C049DF71A5A9}.Release|Any CPU.ActiveCfg = Release|Any CPU
		{0194A16E-8C7D-4115-9828-C049DF71A5A9}.Release|Any CPU.Build.0 = Release|Any CPU
		{0BF4214E-E61C-4E33-886C-AF835460F4D8}.Debug|Any CPU.ActiveCfg = Debug|Any CPU
		{0BF4214E-E61C-4E33-886C-AF835460F4D8}.Debug|Any CPU.Build.0 = Debug|Any CPU
		{0BF4214E-E61C-4E33-886C-AF835460F4D8}.Release|Any CPU.ActiveCfg = Release|Any CPU
		{0BF4214E-E61C-4E33-886C-AF835460F4D8}.Release|Any CPU.Build.0 = Release|Any CPU
	EndGlobalSection
	GlobalSection(SolutionProperties) = preSolution
		HideSolutionNode = FALSE
	EndGlobalSection
EndGlobal
